
Microsoft Visual Studio Solution File, Format Version 12.00
# Visual Studio Version 17
VisualStudioVersion = 17.0.32126.317
MinimumVisualStudioVersion = 10.0.40219.1
Project("{FAE04EC0-301F-11D3-BF4B-00C04F79EFBC}") = "TrackingAPI", "TrackingAPI\TrackingAPI.csproj", "{BF08077E-8A1B-4CDC-B2F0-5BB0B11E01AB}"
EndProject
Global
	GlobalSection(SolutionConfigurationPlatforms) = preSolution
		Debug|Any CPU = Debug|Any CPU
		Release|Any CPU = Release|Any CPU
	EndGlobalSection
	GlobalSection(ProjectConfigurationPlatforms) = postSolution
		{BF08077E-8A1B-4CDC-B2F0-5BB0B11E01AB}.Debug|Any CPU.ActiveCfg = Debug|Any CPU
		{BF08077E-8A1B-4CDC-B2F0-5BB0B11E01AB}.Debug|Any CPU.Build.0 = Debug|Any CPU
		{BF08077E-8A1B-4CDC-B2F0-5BB0B11E01AB}.Release|Any CPU.ActiveCfg = Release|Any CPU
		{BF08077E-8A1B-4CDC-B2F0-5BB0B11E01AB}.Release|Any CPU.Build.0 = Release|Any CPU
	EndGlobalSection
	GlobalSection(SolutionProperties) = preSolution
		HideSolutionNode = FALSE
	EndGlobalSection
	GlobalSection(ExtensibilityGlobals) = postSolution
		SolutionGuid = {83344172-3E28-4850-9AC1-D1528FE6DDB9}
	EndGlobalSection
EndGlobal
